
Microsoft Visual Studio Solution File, Format Version 12.00
# Visual Studio Version 16
VisualStudioVersion = 16.0.30717.126
MinimumVisualStudioVersion = 10.0.40219.1
Project("{FAE04EC0-301F-11D3-BF4B-00C04F79EFBC}") = "ComparingGraph", "ComparingGraph.csproj", "{B6409B10-61F0-4955-8236-3C018CA96011}"
EndProject
Project("{FAE04EC0-301F-11D3-BF4B-00C04F79EFBC}") = "CompGraph.Test", "..\CompGraph.Test\CompGraph.Test.csproj", "{967E57B5-F6B7-45D0-9700-58E3DC9ECF5B}"
EndProject
Global
	GlobalSection(SolutionConfigurationPlatforms) = preSolution
		Debug|Any CPU = Debug|Any CPU
		Release|Any CPU = Release|Any CPU
	EndGlobalSection
	GlobalSection(ProjectConfigurationPlatforms) = postSolution
		{B6409B10-61F0-4955-8236-3C018CA96011}.Debug|Any CPU.ActiveCfg = Debug|Any CPU
		{B6409B10-61F0-4955-8236-3C018CA96011}.Debug|Any CPU.Build.0 = Debug|Any CPU
		{B6409B10-61F0-4955-8236-3C018CA96011}.Release|Any CPU.ActiveCfg = Release|Any CPU
		{B6409B10-61F0-4955-8236-3C018CA96011}.Release|Any CPU.Build.0 = Release|Any CPU
		{967E57B5-F6B7-45D0-9700-58E3DC9ECF5B}.Debug|Any CPU.ActiveCfg = Debug|Any CPU
		{967E57B5-F6B7-45D0-9700-58E3DC9ECF5B}.Debug|Any CPU.Build.0 = Debug|Any CPU
		{967E57B5-F6B7-45D0-9700-58E3DC9ECF5B}.Release|Any CPU.ActiveCfg = Release|Any CPU
		{967E57B5-F6B7-45D0-9700-58E3DC9ECF5B}.Release|Any CPU.Build.0 = Release|Any CPU
	EndGlobalSection
	GlobalSection(SolutionProperties) = preSolution
		HideSolutionNode = FALSE
	EndGlobalSection
	GlobalSection(ExtensibilityGlobals) = postSolution
		SolutionGuid = {B6EB4E2A-125C-461B-B215-6A3E98C55E31}
	EndGlobalSection
EndGlobal
